
Microsoft Visual Studio Solution File, Format Version 12.00
# Visual Studio Version 16
VisualStudioVersion = 16.0.31229.75
MinimumVisualStudioVersion = 10.0.40219.1
Project("{FAE04EC0-301F-11D3-BF4B-00C04F79EFBC}") = "SmartCargo", "SmartCargo\SmartCargo.csproj", "{78D9D36D-8F91-4425-8B6C-B12125FADFDE}"
EndProject
Global
	GlobalSection(SolutionConfigurationPlatforms) = preSolution
		Debug|Any CPU = Debug|Any CPU
		Release|Any CPU = Release|Any CPU
	EndGlobalSection
	GlobalSection(ProjectConfigurationPlatforms) = postSolution
		{78D9D36D-8F91-4425-8B6C-B12125FADFDE}.Debug|Any CPU.ActiveCfg = Debug|Any CPU
		{78D9D36D-8F91-4425-8B6C-B12125FADFDE}.Debug|Any CPU.Build.0 = Debug|Any CPU
		{78D9D36D-8F91-4425-8B6C-B12125FADFDE}.Release|Any CPU.ActiveCfg = Release|Any CPU
		{78D9D36D-8F91-4425-8B6C-B12125FADFDE}.Release|Any CPU.Build.0 = Release|Any CPU
	EndGlobalSection
	GlobalSection(SolutionProperties) = preSolution
		HideSolutionNode = FALSE
	EndGlobalSection
	GlobalSection(ExtensibilityGlobals) = postSolution
		SolutionGuid = {7965BD00-9567-4ECA-9960-42A682F94E05}
	EndGlobalSection
EndGlobal
